
Microsoft Visual Studio Solution File, Format Version 12.00
# Visual Studio Version 16
VisualStudioVersion = 16.0.31410.357
MinimumVisualStudioVersion = 10.0.40219.1
Project("{FAE04EC0-301F-11D3-BF4B-00C04F79EFBC}") = "git", "git\git.csproj", "{3FEB8E5E-DD7D-4DBF-AE9A-610A0FA3AE20}"
EndProject
Global
	GlobalSection(SolutionConfigurationPlatforms) = preSolution
		Debug|Any CPU = Debug|Any CPU
		Release|Any CPU = Release|Any CPU
	EndGlobalSection
	GlobalSection(ProjectConfigurationPlatforms) = postSolution
		{3FEB8E5E-DD7D-4DBF-AE9A-610A0FA3AE20}.Debug|Any CPU.ActiveCfg = Debug|Any CPU
		{3FEB8E5E-DD7D-4DBF-AE9A-610A0FA3AE20}.Debug|Any CPU.Build.0 = Debug|Any CPU
		{3FEB8E5E-DD7D-4DBF-AE9A-610A0FA3AE20}.Release|Any CPU.ActiveCfg = Release|Any CPU
		{3FEB8E5E-DD7D-4DBF-AE9A-610A0FA3AE20}.Release|Any CPU.Build.0 = Release|Any CPU
	EndGlobalSection
	GlobalSection(SolutionProperties) = preSolution
		HideSolutionNode = FALSE
	EndGlobalSection
	GlobalSection(ExtensibilityGlobals) = postSolution
		SolutionGuid = {6F11C3CE-D539-4823-BF20-75DD6D8BA99F}
	EndGlobalSection
EndGlobal
